// !$*UTF8*$!
{
	archiveVersion = 1;
	classes = {
	};
	objectVersion = 56;
	objects = {

/* Begin PBXBuildFile section */
		523B1A4C2BC4C06A007A6F7E /* AppDelegate.swift in Sources */ = {isa = PBXBuildFile; fileRef = 523B1A4B2BC4C06A007A6F7E /* AppDelegate.swift */; };
		523B1A4E2BC4C06A007A6F7E /* SceneDelegate.swift in Sources */ = {isa = PBXBuildFile; fileRef = 523B1A4D2BC4C06A007A6F7E /* SceneDelegate.swift */; };
		523B1A502BC4C06A007A6F7E /* ViewController.swift in Sources */ = {isa = PBXBuildFile; fileRef = 523B1A4F2BC4C06A007A6F7E /* ViewController.swift */; };
		523B1A532BC4C06A007A6F7E /* Main.storyboard in Resources */ = {isa = PBXBuildFile; fileRef = 523B1A512BC4C06A007A6F7E /* Main.storyboard */; };
		523B1A552BC4C06B007A6F7E /* Assets.xcassets in Resources */ = {isa = PBXBuildFile; fileRef = 523B1A542BC4C06B007A6F7E /* Assets.xcassets */; };
		523B1A582BC4C06B007A6F7E /* LaunchScreen.storyboard in Resources */ = {isa = PBXBuildFile; fileRef = 523B1A562BC4C06B007A6F7E /* LaunchScreen.storyboard */; };
		52AE49AA2BC4D03F0077D8AF /* RealmRepository.swift in Sources */ = {isa = PBXBuildFile; fileRef = 52AE49A92BC4D03F0077D8AF /* RealmRepository.swift */; };
		52AE49AF2BC4D30C0077D8AF /* Log.swift in Sources */ = {isa = PBXBuildFile; fileRef = 52AE49AE2BC4D30C0077D8AF /* Log.swift */; };
		52AE49B42BC4E1950077D8AF /* Item.swift in Sources */ = {isa = PBXBuildFile; fileRef = 52AE49B32BC4E1950077D8AF /* Item.swift */; };
		52AE49B62BC4F8790077D8AF /* ItemRepository.swift in Sources */ = {isa = PBXBuildFile; fileRef = 52AE49B52BC4F8790077D8AF /* ItemRepository.swift */; };
		52AE49BE2BC4FE540077D8AF /* ItemDto.swift in Sources */ = {isa = PBXBuildFile; fileRef = 52AE49BD2BC4FE540077D8AF /* ItemDto.swift */; };
		52E080752BC783C3008F4F11 /* ItemManager.swift in Sources */ = {isa = PBXBuildFile; fileRef = 52E080742BC783C3008F4F11 /* ItemManager.swift */; };
		AE8EE74D85ADB7CD6FCDD3BB /* Pods_RealmProject.framework in Frameworks */ = {isa = PBXBuildFile; fileRef = AB5313B94ED6C20E096D0279 /* Pods_RealmProject.framework */; };
/* End PBXBuildFile section */

/* Begin PBXFileReference section */
		523B1A482BC4C06A007A6F7E /* RealmProject.app */ = {isa = PBXFileReference; explicitFileType = wrapper.application; includeInIndex = 0; path = RealmProject.app; sourceTree = BUILT_PRODUCTS_DIR; };
		523B1A4B2BC4C06A007A6F7E /* AppDelegate.swift */ = {isa = PBXFileReference; lastKnownFileType = sourcecode.swift; path = AppDelegate.swift; sourceTree = "<group>"; };
		523B1A4D2BC4C06A007A6F7E /* SceneDelegate.swift */ = {isa = PBXFileReference; lastKnownFileType = sourcecode.swift; path = SceneDelegate.swift; sourceTree = "<group>"; };
		523B1A4F2BC4C06A007A6F7E /* ViewController.swift */ = {isa = PBXFileReference; lastKnownFileType = sourcecode.swift; path = ViewController.swift; sourceTree = "<group>"; };
		523B1A522BC4C06A007A6F7E /* Base */ = {isa = PBXFileReference; lastKnownFileType = file.storyboard; name = Base; path = Base.lproj/Main.storyboard; sourceTree = "<group>"; };
		523B1A542BC4C06B007A6F7E /* Assets.xcassets */ = {isa = PBXFileReference; lastKnownFileType = folder.assetcatalog; path = Assets.xcassets; sourceTree = "<group>"; };
		523B1A572BC4C06B007A6F7E /* Base */ = {isa = PBXFileReference; lastKnownFileType = file.storyboard; name = Base; path = Base.lproj/LaunchScreen.storyboard; sourceTree = "<group>"; };
		523B1A592BC4C06B007A6F7E /* Info.plist */ = {isa = PBXFileReference; lastKnownFileType = text.plist.xml; path = Info.plist; sourceTree = "<group>"; };
		52AE49A92BC4D03F0077D8AF /* RealmRepository.swift */ = {isa = PBXFileReference; lastKnownFileType = sourcecode.swift; path = RealmRepository.swift; sourceTree = "<group>"; };
		52AE49AE2BC4D30C0077D8AF /* Log.swift */ = {isa = PBXFileReference; lastKnownFileType = sourcecode.swift; path = Log.swift; sourceTree = "<group>"; };
		52AE49B32BC4E1950077D8AF /* Item.swift */ = {isa = PBXFileReference; lastKnownFileType = sourcecode.swift; path = Item.swift; sourceTree = "<group>"; };
		52AE49B52BC4F8790077D8AF /* ItemRepository.swift */ = {isa = PBXFileReference; lastKnownFileType = sourcecode.swift; path = ItemRepository.swift; sourceTree = "<group>"; };
		52AE49BD2BC4FE540077D8AF /* ItemDto.swift */ = {isa = PBXFileReference; lastKnownFileType = sourcecode.swift; path = ItemDto.swift; sourceTree = "<group>"; };
		52E080742BC783C3008F4F11 /* ItemManager.swift */ = {isa = PBXFileReference; lastKnownFileType = sourcecode.swift; path = ItemManager.swift; sourceTree = "<group>"; };
		60910AE18980DE0BC6F23BC3 /* Pods-RealmProject.release.xcconfig */ = {isa = PBXFileReference; includeInIndex = 1; lastKnownFileType = text.xcconfig; name = "Pods-RealmProject.release.xcconfig"; path = "Target Support Files/Pods-RealmProject/Pods-RealmProject.release.xcconfig"; sourceTree = "<group>"; };
		AB5313B94ED6C20E096D0279 /* Pods_RealmProject.framework */ = {isa = PBXFileReference; explicitFileType = wrapper.framework; includeInIndex = 0; path = Pods_RealmProject.framework; sourceTree = BUILT_PRODUCTS_DIR; };
		F54ADCF6D27EE9E13135B2F2 /* Pods-RealmProject.debug.xcconfig */ = {isa = PBXFileReference; includeInIndex = 1; lastKnownFileType = text.xcconfig; name = "Pods-RealmProject.debug.xcconfig"; path = "Target Support Files/Pods-RealmProject/Pods-RealmProject.debug.xcconfig"; sourceTree = "<group>"; };
/* End PBXFileReference section */

/* Begin PBXFrameworksBuildPhase section */
		523B1A452BC4C06A007A6F7E /* Frameworks */ = {
			isa = PBXFrameworksBuildPhase;
			buildActionMask = 2147483647;
			files = (
				AE8EE74D85ADB7CD6FCDD3BB /* Pods_RealmProject.framework in Frameworks */,
			);
			runOnlyForDeploymentPostprocessing = 0;
		};
/* End PBXFrameworksBuildPhase section */

/* Begin PBXGroup section */
		37C3B1E5B2C2C0D9532F636A /* Frameworks */ = {
			isa = PBXGroup;
			children = (
				AB5313B94ED6C20E096D0279 /* Pods_RealmProject.framework */,
			);
			name = Frameworks;
			sourceTree = "<group>";
		};
		523B1A3F2BC4C06A007A6F7E = {
			isa = PBXGroup;
			children = (
				523B1A4A2BC4C06A007A6F7E /* RealmProject */,
				523B1A492BC4C06A007A6F7E /* Products */,
				DA8EC8EADFB35DA18FD3FB98 /* Pods */,
				37C3B1E5B2C2C0D9532F636A /* Frameworks */,
			);
			sourceTree = "<group>";
		};
		523B1A492BC4C06A007A6F7E /* Products */ = {
			isa = PBXGroup;
			children = (
				523B1A482BC4C06A007A6F7E /* RealmProject.app */,
			);
			name = Products;
			sourceTree = "<group>";
		};
		523B1A4A2BC4C06A007A6F7E /* RealmProject */ = {
			isa = PBXGroup;
			children = (
				52AE49AD2BC4D3050077D8AF /* Log */,
				52AE49A82BC4D00A0077D8AF /* Realm */,
				523B1A4B2BC4C06A007A6F7E /* AppDelegate.swift */,
				523B1A4D2BC4C06A007A6F7E /* SceneDelegate.swift */,
				523B1A4F2BC4C06A007A6F7E /* ViewController.swift */,
				523B1A512BC4C06A007A6F7E /* Main.storyboard */,
				523B1A542BC4C06B007A6F7E /* Assets.xcassets */,
				523B1A562BC4C06B007A6F7E /* LaunchScreen.storyboard */,
				523B1A592BC4C06B007A6F7E /* Info.plist */,
			);
			path = RealmProject;
			sourceTree = "<group>";
		};
		52AE49A72BC4CFFF0077D8AF /* Domain */ = {
			isa = PBXGroup;
			children = (
				52AE49BC2BC4FE460077D8AF /* Item */,
			);
			path = Domain;
			sourceTree = "<group>";
		};
		52AE49A82BC4D00A0077D8AF /* Realm */ = {
			isa = PBXGroup;
			children = (
				52E080732BC783B8008F4F11 /* Manager */,
				52AE49B22BC4E13C0077D8AF /* Repository */,
				52AE49A72BC4CFFF0077D8AF /* Domain */,
			);
			path = Realm;
			sourceTree = "<group>";
		};
		52AE49AD2BC4D3050077D8AF /* Log */ = {
			isa = PBXGroup;
			children = (
				52AE49AE2BC4D30C0077D8AF /* Log.swift */,
			);
			path = Log;
			sourceTree = "<group>";
		};
		52AE49B22BC4E13C0077D8AF /* Repository */ = {
			isa = PBXGroup;
			children = (
				52AE49B52BC4F8790077D8AF /* ItemRepository.swift */,
				52AE49A92BC4D03F0077D8AF /* RealmRepository.swift */,
			);
			path = Repository;
			sourceTree = "<group>";
		};
		52AE49BC2BC4FE460077D8AF /* Item */ = {
			isa = PBXGroup;
			children = (
				52AE49B32BC4E1950077D8AF /* Item.swift */,
				52AE49BD2BC4FE540077D8AF /* ItemDto.swift */,
			);
			path = Item;
			sourceTree = "<group>";
		};
		52E080732BC783B8008F4F11 /* Manager */ = {
			isa = PBXGroup;
			children = (
				52E080742BC783C3008F4F11 /* ItemManager.swift */,
			);
			path = Manager;
			sourceTree = "<group>";
		};
		DA8EC8EADFB35DA18FD3FB98 /* Pods */ = {
			isa = PBXGroup;
			children = (
				F54ADCF6D27EE9E13135B2F2 /* Pods-RealmProject.debug.xcconfig */,
				60910AE18980DE0BC6F23BC3 /* Pods-RealmProject.release.xcconfig */,
			);
			path = Pods;
			sourceTree = "<group>";
		};
/* End PBXGroup section */

/* Begin PBXNativeTarget section */
		523B1A472BC4C06A007A6F7E /* RealmProject */ = {
			isa = PBXNativeTarget;
			buildConfigurationList = 523B1A5C2BC4C06B007A6F7E /* Build configuration list for PBXNativeTarget "RealmProject" */;
			buildPhases = (
				D2A9352003020253DB9F7DA4 /* [CP] Check Pods Manifest.lock */,
				523B1A442BC4C06A007A6F7E /* Sources */,
				523B1A452BC4C06A007A6F7E /* Frameworks */,
				523B1A462BC4C06A007A6F7E /* Resources */,
				D8D49F12F5E7FE70D3533E73 /* [CP] Embed Pods Frameworks */,
			);
			buildRules = (
			);
			dependencies = (
			);
			name = RealmProject;
			productName = RealmProject;
			productReference = 523B1A482BC4C06A007A6F7E /* RealmProject.app */;
			productType = "com.apple.product-type.application";
		};
/* End PBXNativeTarget section */

/* Begin PBXProject section */
		523B1A402BC4C06A007A6F7E /* Project object */ = {
			isa = PBXProject;
			attributes = {
				BuildIndependentTargetsInParallel = 1;
				LastSwiftUpdateCheck = 1510;
				LastUpgradeCheck = 1510;
				TargetAttributes = {
					523B1A472BC4C06A007A6F7E = {
						CreatedOnToolsVersion = 15.1;
					};
				};
			};
			buildConfigurationList = 523B1A432BC4C06A007A6F7E /* Build configuration list for PBXProject "RealmProject" */;
			compatibilityVersion = "Xcode 14.0";
			developmentRegion = en;
			hasScannedForEncodings = 0;
			knownRegions = (
				en,
				Base,
			);
			mainGroup = 523B1A3F2BC4C06A007A6F7E;
			productRefGroup = 523B1A492BC4C06A007A6F7E /* Products */;
			projectDirPath = "";
			projectRoot = "";
			targets = (
				523B1A472BC4C06A007A6F7E /* RealmProject */,
			);
		};
/* End PBXProject section */

/* Begin PBXResourcesBuildPhase section */
		523B1A462BC4C06A007A6F7E /* Resources */ = {
			isa = PBXResourcesBuildPhase;
			buildActionMask = 2147483647;
			files = (
				523B1A582BC4C06B007A6F7E /* LaunchScreen.storyboard in Resources */,
				523B1A552BC4C06B007A6F7E /* Assets.xcassets in Resources */,
				523B1A532BC4C06A007A6F7E /* Main.storyboard in Resources */,
			);
			runOnlyForDeploymentPostprocessing = 0;
		};
/* End PBXResourcesBuildPhase section */

/* Begin PBXShellScriptBuildPhase section */
		D2A9352003020253DB9F7DA4 /* [CP] Check Pods Manifest.lock */ = {
			isa = PBXShellScriptBuildPhase;
			buildActionMask = 2147483647;
			files = (
			);
			inputFileListPaths = (
			);
			inputPaths = (
				"${PODS_PODFILE_DIR_PATH}/Podfile.lock",
				"${PODS_ROOT}/Manifest.lock",
			);
			name = "[CP] Check Pods Manifest.lock";
			outputFileListPaths = (
			);
			outputPaths = (
				"$(DERIVED_FILE_DIR)/Pods-RealmProject-checkManifestLockResult.txt",
			);
			runOnlyForDeploymentPostprocessing = 0;
			shellPath = /bin/sh;
			shellScript = "diff \"${PODS_PODFILE_DIR_PATH}/Podfile.lock\" \"${PODS_ROOT}/Manifest.lock\" > /dev/null\nif [ $? != 0 ] ; then\n    # print error to STDERR\n    echo \"error: The sandbox is not in sync with the Podfile.lock. Run 'pod install' or update your CocoaPods installation.\" >&2\n    exit 1\nfi\n# This output is used by Xcode 'outputs' to avoid re-running this script phase.\necho \"SUCCESS\" > \"${SCRIPT_OUTPUT_FILE_0}\"\n";
			showEnvVarsInLog = 0;
		};
		D8D49F12F5E7FE70D3533E73 /* [CP] Embed Pods Frameworks */ = {
			isa = PBXShellScriptBuildPhase;
			buildActionMask = 2147483647;
			files = (
			);
			inputFileListPaths = (
				"${PODS_ROOT}/Target Support Files/Pods-RealmProject/Pods-RealmProject-frameworks-${CONFIGURATION}-input-files.xcfilelist",
			);
			name = "[CP] Embed Pods Frameworks";
			outputFileListPaths = (
				"${PODS_ROOT}/Target Support Files/Pods-RealmProject/Pods-RealmProject-frameworks-${CONFIGURATION}-output-files.xcfilelist",
			);
			runOnlyForDeploymentPostprocessing = 0;
			shellPath = /bin/sh;
			shellScript = "\"${PODS_ROOT}/Target Support Files/Pods-RealmProject/Pods-RealmProject-frameworks.sh\"\n";
			showEnvVarsInLog = 0;
		};
/* End PBXShellScriptBuildPhase section */

/* Begin PBXSourcesBuildPhase section */
		523B1A442BC4C06A007A6F7E /* Sources */ = {
			isa = PBXSourcesBuildPhase;
			buildActionMask = 2147483647;
			files = (
				52AE49AA2BC4D03F0077D8AF /* RealmRepository.swift in Sources */,
				523B1A502BC4C06A007A6F7E /* ViewController.swift in Sources */,
				52AE49AF2BC4D30C0077D8AF /* Log.swift in Sources */,
				52E080752BC783C3008F4F11 /* ItemManager.swift in Sources */,
				52AE49B42BC4E1950077D8AF /* Item.swift in Sources */,
				523B1A4C2BC4C06A007A6F7E /* AppDelegate.swift in Sources */,
				523B1A4E2BC4C06A007A6F7E /* SceneDelegate.swift in Sources */,
				52AE49BE2BC4FE540077D8AF /* ItemDto.swift in Sources */,
				52AE49B62BC4F8790077D8AF /* ItemRepository.swift in Sources */,
			);
			runOnlyForDeploymentPostprocessing = 0;
		};
/* End PBXSourcesBuildPhase section */

/* Begin PBXVariantGroup section */
		523B1A512BC4C06A007A6F7E /* Main.storyboard */ = {
			isa = PBXVariantGroup;
			children = (
				523B1A522BC4C06A007A6F7E /* Base */,
			);
			name = Main.storyboard;
			sourceTree = "<group>";
		};
		523B1A562BC4C06B007A6F7E /* LaunchScreen.storyboard */ = {
			isa = PBXVariantGroup;
			children = (
				523B1A572BC4C06B007A6F7E /* Base */,
			);
			name = LaunchScreen.storyboard;
			sourceTree = "<group>";
		};
/* End PBXVariantGroup section */

/* Begin XCBuildConfiguration section */
		523B1A5A2BC4C06B007A6F7E /* Debug */ = {
			isa = XCBuildConfiguration;
			buildSettings = {
				ALWAYS_SEARCH_USER_PATHS = NO;
				ASSETCATALOG_COMPILER_GENERATE_SWIFT_ASSET_SYMBOL_EXTENSIONS = YES;
				CLANG_ANALYZER_NONNULL = YES;
				CLANG_ANALYZER_NUMBER_OBJECT_CONVERSION = YES_AGGRESSIVE;
				CLANG_CXX_LANGUAGE_STANDARD = "gnu++20";
				CLANG_ENABLE_MODULES = YES;
				CLANG_ENABLE_OBJC_ARC = YES;
				CLANG_ENABLE_OBJC_WEAK = YES;
				CLANG_WARN_BLOCK_CAPTURE_AUTORELEASING = YES;
				CLANG_WARN_BOOL_CONVERSION = YES;
				CLANG_WARN_COMMA = YES;
				CLANG_WARN_CONSTANT_CONVERSION = YES;
				CLANG_WARN_DEPRECATED_OBJC_IMPLEMENTATIONS = YES;
				CLANG_WARN_DIRECT_OBJC_ISA_USAGE = YES_ERROR;
				CLANG_WARN_DOCUMENTATION_COMMENTS = YES;
				CLANG_WARN_EMPTY_BODY = YES;
				CLANG_WARN_ENUM_CONVERSION = YES;
				CLANG_WARN_INFINITE_RECURSION = YES;
				CLANG_WARN_INT_CONVERSION = YES;
				CLANG_WARN_NON_LITERAL_NULL_CONVERSION = YES;
				CLANG_WARN_OBJC_IMPLICIT_RETAIN_SELF = YES;
				CLANG_WARN_OBJC_LITERAL_CONVERSION = YES;
				CLANG_WARN_OBJC_ROOT_CLASS = YES_ERROR;
				CLANG_WARN_QUOTED_INCLUDE_IN_FRAMEWORK_HEADER = YES;
				CLANG_WARN_RANGE_LOOP_ANALYSIS = YES;
				CLANG_WARN_STRICT_PROTOTYPES = YES;
				CLANG_WARN_SUSPICIOUS_MOVE = YES;
				CLANG_WARN_UNGUARDED_AVAILABILITY = YES_AGGRESSIVE;
				CLANG_WARN_UNREACHABLE_CODE = YES;
				CLANG_WARN__DUPLICATE_METHOD_MATCH = YES;
				COPY_PHASE_STRIP = NO;
				DEBUG_INFORMATION_FORMAT = dwarf;
				ENABLE_STRICT_OBJC_MSGSEND = YES;
				ENABLE_TESTABILITY = YES;
				ENABLE_USER_SCRIPT_SANDBOXING = NO;
				GCC_C_LANGUAGE_STANDARD = gnu17;
				GCC_DYNAMIC_NO_PIC = NO;
				GCC_NO_COMMON_BLOCKS = YES;
				GCC_OPTIMIZATION_LEVEL = 0;
				GCC_PREPROCESSOR_DEFINITIONS = (
					"DEBUG=1",
					"$(inherited)",
				);
				GCC_WARN_64_TO_32_BIT_CONVERSION = YES;
				GCC_WARN_ABOUT_RETURN_TYPE = YES_ERROR;
				GCC_WARN_UNDECLARED_SELECTOR = YES;
				GCC_WARN_UNINITIALIZED_AUTOS = YES_AGGRESSIVE;
				GCC_WARN_UNUSED_FUNCTION = YES;
				GCC_WARN_UNUSED_VARIABLE = YES;
				IPHONEOS_DEPLOYMENT_TARGET = 17.2;
				LOCALIZATION_PREFERS_STRING_CATALOGS = YES;
				MTL_ENABLE_DEBUG_INFO = INCLUDE_SOURCE;
				MTL_FAST_MATH = YES;
				ONLY_ACTIVE_ARCH = YES;
				SDKROOT = iphoneos;
				SWIFT_ACTIVE_COMPILATION_CONDITIONS = "DEBUG $(inherited)";
				SWIFT_OPTIMIZATION_LEVEL = "-Onone";
			};
			name = Debug;
		};
		523B1A5B2BC4C06B007A6F7E /* Release */ = {
			isa = XCBuildConfiguration;
			buildSettings = {
				ALWAYS_SEARCH_USER_PATHS = NO;
				ASSETCATALOG_COMPILER_GENERATE_SWIFT_ASSET_SYMBOL_EXTENSIONS = YES;
				CLANG_ANALYZER_NONNULL = YES;
				CLANG_ANALYZER_NUMBER_OBJECT_CONVERSION = YES_AGGRESSIVE;
				CLANG_CXX_LANGUAGE_STANDARD = "gnu++20";
				CLANG_ENABLE_MODULES = YES;
				CLANG_ENABLE_OBJC_ARC = YES;
				CLANG_ENABLE_OBJC_WEAK = YES;
				CLANG_WARN_BLOCK_CAPTURE_AUTORELEASING = YES;
				CLANG_WARN_BOOL_CONVERSION = YES;
				CLANG_WARN_COMMA = YES;
				CLANG_WARN_CONSTANT_CONVERSION = YES;
				CLANG_WARN_DEPRECATED_OBJC_IMPLEMENTATIONS = YES;
				CLANG_WARN_DIRECT_OBJC_ISA_USAGE = YES_ERROR;
				CLANG_WARN_DOCUMENTATION_COMMENTS = YES;
				CLANG_WARN_EMPTY_BODY = YES;
				CLANG_WARN_ENUM_CONVERSION = YES;
				CLANG_WARN_INFINITE_RECURSION = YES;
				CLANG_WARN_INT_CONVERSION = YES;
				CLANG_WARN_NON_LITERAL_NULL_CONVERSION = YES;
				CLANG_WARN_OBJC_IMPLICIT_RETAIN_SELF = YES;
				CLANG_WARN_OBJC_LITERAL_CONVERSION = YES;
				CLANG_WARN_OBJC_ROOT_CLASS = YES_ERROR;
				CLANG_WARN_QUOTED_INCLUDE_IN_FRAMEWORK_HEADER = YES;
				CLANG_WARN_RANGE_LOOP_ANALYSIS = YES;
				CLANG_WARN_STRICT_PROTOTYPES = YES;
				CLANG_WARN_SUSPICIOUS_MOVE = YES;
				CLANG_WARN_UNGUARDED_AVAILABILITY = YES_AGGRESSIVE;
				CLANG_WARN_UNREACHABLE_CODE = YES;
				CLANG_WARN__DUPLICATE_METHOD_MATCH = YES;
				COPY_PHASE_STRIP = NO;
				DEBUG_INFORMATION_FORMAT = "dwarf-with-dsym";
				ENABLE_NS_ASSERTIONS = NO;
				ENABLE_STRICT_OBJC_MSGSEND = YES;
				ENABLE_USER_SCRIPT_SANDBOXING = NO;
				GCC_C_LANGUAGE_STANDARD = gnu17;
				GCC_NO_COMMON_BLOCKS = YES;
				GCC_WARN_64_TO_32_BIT_CONVERSION = YES;
				GCC_WARN_ABOUT_RETURN_TYPE = YES_ERROR;
				GCC_WARN_UNDECLARED_SELECTOR = YES;
				GCC_WARN_UNINITIALIZED_AUTOS = YES_AGGRESSIVE;
				GCC_WARN_UNUSED_FUNCTION = YES;
				GCC_WARN_UNUSED_VARIABLE = YES;
				IPHONEOS_DEPLOYMENT_TARGET = 17.2;
				LOCALIZATION_PREFERS_STRING_CATALOGS = YES;
				MTL_ENABLE_DEBUG_INFO = NO;
				MTL_FAST_MATH = YES;
				SDKROOT = iphoneos;
				SWIFT_COMPILATION_MODE = wholemodule;
				VALIDATE_PRODUCT = YES;
			};
			name = Release;
		};
		523B1A5D2BC4C06B007A6F7E /* Debug */ = {
			isa = XCBuildConfiguration;
			baseConfigurationReference = F54ADCF6D27EE9E13135B2F2 /* Pods-RealmProject.debug.xcconfig */;
			buildSettings = {
				ASSETCATALOG_COMPILER_APPICON_NAME = AppIcon;
				ASSETCATALOG_COMPILER_GLOBAL_ACCENT_COLOR_NAME = AccentColor;
				CODE_SIGN_STYLE = Automatic;
				CURRENT_PROJECT_VERSION = 1;
				DEVELOPMENT_TEAM = 4RDNCVS7TT;
				GENERATE_INFOPLIST_FILE = YES;
				INFOPLIST_FILE = RealmProject/Info.plist;
				INFOPLIST_KEY_UIApplicationSupportsIndirectInputEvents = YES;
				INFOPLIST_KEY_UILaunchStoryboardName = LaunchScreen;
				INFOPLIST_KEY_UIMainStoryboardFile = Main;
				INFOPLIST_KEY_UISupportedInterfaceOrientations_iPad = "UIInterfaceOrientationPortrait UIInterfaceOrientationPortraitUpsideDown UIInterfaceOrientationLandscapeLeft UIInterfaceOrientationLandscapeRight";
				INFOPLIST_KEY_UISupportedInterfaceOrientations_iPhone = "UIInterfaceOrientationPortrait UIInterfaceOrientationLandscapeLeft UIInterfaceOrientationLandscapeRight";
				LD_RUNPATH_SEARCH_PATHS = (
					"$(inherited)",
					"@executable_path/Frameworks",
				);
				MARKETING_VERSION = 1.0;
				PRODUCT_BUNDLE_IDENTIFIER = com.hgkim2024.RealmProject;
				PRODUCT_NAME = "$(TARGET_NAME)";
				SWIFT_EMIT_LOC_STRINGS = YES;
				SWIFT_VERSION = 5.0;
				TARGETED_DEVICE_FAMILY = "1,2";
			};
			name = Debug;
		};
		523B1A5E2BC4C06B007A6F7E /* Release */ = {
			isa = XCBuildConfiguration;
			baseConfigurationReference = 60910AE18980DE0BC6F23BC3 /* Pods-RealmProject.release.xcconfig */;
			buildSettings = {
				ASSETCATALOG_COMPILER_APPICON_NAME = AppIcon;
				ASSETCATALOG_COMPILER_GLOBAL_ACCENT_COLOR_NAME = AccentColor;
				CODE_SIGN_STYLE = Automatic;
				CURRENT_PROJECT_VERSION = 1;
				DEVELOPMENT_TEAM = 4RDNCVS7TT;
				GENERATE_INFOPLIST_FILE = YES;
				INFOPLIST_FILE = RealmProject/Info.plist;
				INFOPLIST_KEY_UIApplicationSupportsIndirectInputEvents = YES;
				INFOPLIST_KEY_UILaunchStoryboardName = LaunchScreen;
				INFOPLIST_KEY_UIMainStoryboardFile = Main;
				INFOPLIST_KEY_UISupportedInterfaceOrientations_iPad = "UIInterfaceOrientationPortrait UIInterfaceOrientationPortraitUpsideDown UIInterfaceOrientationLandscapeLeft UIInterfaceOrientationLandscapeRight";
				INFOPLIST_KEY_UISupportedInterfaceOrientations_iPhone = "UIInterfaceOrientationPortrait UIInterfaceOrientationLandscapeLeft UIInterfaceOrientationLandscapeRight";
				LD_RUNPATH_SEARCH_PATHS = (
					"$(inherited)",
					"@executable_path/Frameworks",
				);
				MARKETING_VERSION = 1.0;
				PRODUCT_BUNDLE_IDENTIFIER = com.hgkim2024.RealmProject;
				PRODUCT_NAME = "$(TARGET_NAME)";
				SWIFT_EMIT_LOC_STRINGS = YES;
				SWIFT_VERSION = 5.0;
				TARGETED_DEVICE_FAMILY = "1,2";
			};
			name = Release;
		};
/* End XCBuildConfiguration section */

/* Begin XCConfigurationList section */
		523B1A432BC4C06A007A6F7E /* Build configuration list for PBXProject "RealmProject" */ = {
			isa = XCConfigurationList;
			buildConfigurations = (
				523B1A5A2BC4C06B007A6F7E /* Debug */,
				523B1A5B2BC4C06B007A6F7E /* Release */,
			);
			defaultConfigurationIsVisible = 0;
			defaultConfigurationName = Release;
		};
		523B1A5C2BC4C06B007A6F7E /* Build configuration list for PBXNativeTarget "RealmProject" */ = {
			isa = XCConfigurationList;
			buildConfigurations = (
				523B1A5D2BC4C06B007A6F7E /* Debug */,
				523B1A5E2BC4C06B007A6F7E /* Release */,
			);
			defaultConfigurationIsVisible = 0;
			defaultConfigurationName = Release;
		};
/* End XCConfigurationList section */
	};
	rootObject = 523B1A402BC4C06A007A6F7E /* Project object */;
}
